dependencies:
  espressif/esp-zboss-lib:
    component_hash: 321883d142421f65009972408287441794250057668a11abbdfd8bec77c3309a
    dependencies:
    - name: idf
      require: private
      version: '>=5.0'
    source:
      registry_url: https://components.espressif.com/
      type: service
    version: 1.6.4
  espressif/esp-zigbee-lib:
    component_hash: 4b73d7dc7d018114f24712a5af1bb7a53dca95f979fe646461f066f344dd9120
    dependencies:
    - name: idf
      require: private
      version: '>=5.0'
    source:
      registry_url: https://components.espressif.com/
      type: service
    version: 1.6.7
  idf:
    source:
      type: idf
    version: 5.5.1
direct_dependencies:
- espressif/esp-zboss-lib
- espressif/esp-zigbee-lib
manifest_hash: 1158ff97519124763f77d98d89d8d4736c5ab2441a929a7dd3a4944e2ecafc83
target: esp32c6
version: 2.0.0
